{
    "_readme": [
        "This file locks the dependencies of your project to a known state",
        "Read more about it at https://getcomposer.org/doc/01-basic-usage.md#installing-dependencies",
        "This file is @generated automatically"
    ],
    "content-hash": "8df144eb945720a877c40403ad924190",
    "packages": [],
    "packages-dev": [],
    "aliases": [],
    "minimum-stability": "stable",
    "stability-flags": [],
    "prefer-stable": false,
    "prefer-lowest": false,
    "platform": {
        "ext-mbstring": "*",
        "ext-curl": "*",
        "ext-bcmath": "*",
        "ext-dom": "*",
        "ext-gd": "*",
        "ext-zlib": "*",
        "ext-json": "*",
        "ext-simplexml": "*",
        "ext-pdo": "*",
        "ext-pdo_mysql": "*",
        "ext-mysqli": "*"
    },
    "platform-dev": []
}
